
Microsoft Visual Studio Solution File, Format Version 12.00
# Visual Studio Version 16
VisualStudioVersion = 16.0.29609.76
MinimumVisualStudioVersion = 10.0.40219.1
Project("{2150E333-8FDC-42A3-9474-1A3956D46DE8}") = "Solution Items", "Solution Items", "{D7C6EF9E-F2BD-49AE-BE4D-AF27F36FFE39}"
	ProjectSection(SolutionItems) = preProject
		.editorconfig = .editorconfig
		README.md = README.md
	EndProjectSection
EndProject
Project("{9A19103F-16F7-4668-BE54-9A1E7A4F7556}") = "GTASaveData.Core", "GTASaveData.Core\GTASaveData.Core.csproj", "{B12F8E99-E6DD-4E94-8D45-8D7B63990475}"
EndProject
Project("{9A19103F-16F7-4668-BE54-9A1E7A4F7556}") = "GTASaveData.Core.Tests", "Tests\GTASaveData.Core.Tests\GTASaveData.Core.Tests.csproj", "{212B2E3C-3C9D-47F9-B7D8-DD06D43A9B90}"
EndProject
Project("{9A19103F-16F7-4668-BE54-9A1E7A4F7556}") = "GTASaveData.GTA3", "GTASaveData.GTA3\GTASaveData.GTA3.csproj", "{1F301798-F654-4870-B3DA-8DF601F7F675}"
EndProject
Project("{9A19103F-16F7-4668-BE54-9A1E7A4F7556}") = "GTASaveData.GTA3.Tests", "Tests\GTASaveData.GTA3.Tests\GTASaveData.GTA3.Tests.csproj", "{7BB615EE-5D10-4F32-A047-453595B427A7}"
EndProject
Project("{9A19103F-16F7-4668-BE54-9A1E7A4F7556}") = "GTASaveData.VC", "GTASaveData.VC\GTASaveData.VC.csproj", "{954F96C9-71B3-4C64-837C-A156F05D40E2}"
EndProject
Project("{9A19103F-16F7-4668-BE54-9A1E7A4F7556}") = "GTASaveData.VC.Tests", "Tests\GTASaveData.VC.Tests\GTASaveData.VC.Tests.csproj", "{7D1F9BCF-FAA9-4359-96A1-31733EE1CE86}"
EndProject
Project("{9A19103F-16F7-4668-BE54-9A1E7A4F7556}") = "GTASaveData.SA", "GTASaveData.SA\GTASaveData.SA.csproj", "{3E22EDA4-83DD-428F-AA29-EF6C153D20AE}"
EndProject
Project("{9A19103F-16F7-4668-BE54-9A1E7A4F7556}") = "GTASaveData.SA.Tests", "Tests\GTASaveData.SA.Tests\GTASaveData.SA.Tests.csproj", "{78EA0F1D-0D2D-4811-B911-1954E6378EF2}"
EndProject
Project("{9A19103F-16F7-4668-BE54-9A1E7A4F7556}") = "TestApp", "Tests\TestApp\TestApp.csproj", "{F492A697-1B83-4562-9C9E-3579272EDDDA}"
EndProject
Project("{9A19103F-16F7-4668-BE54-9A1E7A4F7556}") = "TestFramework", "Tests\TestFramework\TestFramework.csproj", "{A66EF29A-3F17-4B30-B9DB-D44CCDA08F40}"
EndProject
Project("{9A19103F-16F7-4668-BE54-9A1E7A4F7556}") = "GTASaveData.GTA4", "GTASaveData.GTA4\GTASaveData.GTA4.csproj", "{DF927FB7-6A89-442E-B1E6-289EEDCAA3FE}"
EndProject
Global
	GlobalSection(SolutionConfigurationPlatforms) = preSolution
		Debug|Any CPU = Debug|Any CPU
		Release|Any CPU = Release|Any CPU
	EndGlobalSection
	GlobalSection(ProjectConfigurationPlatforms) = postSolution
		{B12F8E99-E6DD-4E94-8D45-8D7B63990475}.Debug|Any CPU.ActiveCfg = Debug|Any CPU
		{B12F8E99-E6DD-4E94-8D45-8D7B63990475}.Debug|Any CPU.Build.0 = Debug|Any CPU
		{B12F8E99-E6DD-4E94-8D45-8D7B63990475}.Release|Any CPU.ActiveCfg = Release|Any CPU
		{B12F8E99-E6DD-4E94-8D45-8D7B63990475}.Release|Any CPU.Build.0 = Release|Any CPU
		{212B2E3C-3C9D-47F9-B7D8-DD06D43A9B90}.Debug|Any CPU.ActiveCfg = Debug|Any CPU
		{212B2E3C-3C9D-47F9-B7D8-DD06D43A9B90}.Debug|Any CPU.Build.0 = Debug|Any CPU
		{212B2E3C-3C9D-47F9-B7D8-DD06D43A9B90}.Release|Any CPU.ActiveCfg = Release|Any CPU
		{212B2E3C-3C9D-47F9-B7D8-DD06D43A9B90}.Release|Any CPU.Build.0 = Release|Any CPU
		{1F301798-F654-4870-B3DA-8DF601F7F675}.Debug|Any CPU.ActiveCfg = Debug|Any CPU
		{1F301798-F654-4870-B3DA-8DF601F7F675}.Debug|Any CPU.Build.0 = Debug|Any CPU
		{1F301798-F654-4870-B3DA-8DF601F7F675}.Release|Any CPU.ActiveCfg = Release|Any CPU
		{1F301798-F654-4870-B3DA-8DF601F7F675}.Release|Any CPU.Build.0 = Release|Any CPU
		{7BB615EE-5D10-4F32-A047-453595B427A7}.Debug|Any CPU.ActiveCfg = Debug|Any CPU
		{7BB615EE-5D10-4F32-A047-453595B427A7}.Debug|Any CPU.Build.0 = Debug|Any CPU
		{7BB615EE-5D10-4F32-A047-453595B427A7}.Release|Any CPU.ActiveCfg = Release|Any CPU
		{7BB615EE-5D10-4F32-A047-453595B427A7}.Release|Any CPU.Build.0 = Release|Any CPU
		{954F96C9-71B3-4C64-837C-A156F05D40E2}.Debug|Any CPU.ActiveCfg = Debug|Any CPU
		{954F96C9-71B3-4C64-837C-A156F05D40E2}.Debug|Any CPU.Build.0 = Debug|Any CPU
		{954F96C9-71B3-4C64-837C-A156F05D40E2}.Release|Any CPU.ActiveCfg = Release|Any CPU
		{954F96C9-71B3-4C64-837C-A156F05D40E2}.Release|Any CPU.Build.0 = Release|Any CPU
		{7D1F9BCF-FAA9-4359-96A1-31733EE1CE86}.Debug|Any CPU.ActiveCfg = Debug|Any CPU
		{7D1F9BCF-FAA9-4359-96A1-31733EE1CE86}.Debug|Any CPU.Build.0 = Debug|Any CPU
		{7D1F9BCF-FAA9-4359-96A1-31733EE1CE86}.Release|Any CPU.ActiveCfg = Release|Any CPU
		{7D1F9BCF-FAA9-4359-96A1-31733EE1CE86}.Release|Any CPU.Build.0 = Release|Any CPU
		{3E22EDA4-83DD-428F-AA29-EF6C153D20AE}.Debug|Any CPU.ActiveCfg = Debug|Any CPU
		{3E22EDA4-83DD-428F-AA29-EF6C153D20AE}.Release|Any CPU.ActiveCfg = Release|Any CPU
		{78EA0F1D-0D2D-4811-B911-1954E6378EF2}.Debug|Any CPU.ActiveCfg = Debug|Any CPU
		{78EA0F1D-0D2D-4811-B911-1954E6378EF2}.Release|Any CPU.ActiveCfg = Release|Any CPU
		{F492A697-1B83-4562-9C9E-3579272EDDDA}.Debug|Any CPU.ActiveCfg = Debug|Any CPU
		{F492A697-1B83-4562-9C9E-3579272EDDDA}.Debug|Any CPU.Build.0 = Debug|Any CPU
		{F492A697-1B83-4562-9C9E-3579272EDDDA}.Release|Any CPU.ActiveCfg = Release|Any CPU
		{A66EF29A-3F17-4B30-B9DB-D44CCDA08F40}.Debug|Any CPU.ActiveCfg = Debug|Any CPU
		{A66EF29A-3F17-4B30-B9DB-D44CCDA08F40}.Debug|Any CPU.Build.0 = Debug|Any CPU
		{A66EF29A-3F17-4B30-B9DB-D44CCDA08F40}.Release|Any CPU.ActiveCfg = Release|Any CPU
		{A66EF29A-3F17-4B30-B9DB-D44CCDA08F40}.Release|Any CPU.Build.0 = Release|Any CPU
		{DF927FB7-6A89-442E-B1E6-289EEDCAA3FE}.Debug|Any CPU.ActiveCfg = Debug|Any CPU
		{DF927FB7-6A89-442E-B1E6-289EEDCAA3FE}.Release|Any CPU.ActiveCfg = Release|Any CPU
	EndGlobalSection
	GlobalSection(SolutionProperties) = preSolution
		HideSolutionNode = FALSE
	EndGlobalSection
	GlobalSection(ExtensibilityGlobals) = postSolution
		SolutionGuid = {70160DAC-711F-4731-BBA4-570BE1D77E4B}
	EndGlobalSection
EndGlobal
