
Microsoft Visual Studio Solution File, Format Version 12.00
# Visual Studio Version 16
VisualStudioVersion = 16.0.29609.76
MinimumVisualStudioVersion = 10.0.40219.1
Project("{9A19103F-16F7-4668-BE54-9A1E7A4F7556}") = "GTASaveData", "Core\GTASaveData.csproj", "{B12F8E99-E6DD-4E94-8D45-8D7B63990475}"
EndProject
Project("{9A19103F-16F7-4668-BE54-9A1E7A4F7556}") = "GTASaveData.GTA3", "GTA3\GTASaveData.GTA3.csproj", "{1F301798-F654-4870-B3DA-8DF601F7F675}"
EndProject
Project("{9A19103F-16F7-4668-BE54-9A1E7A4F7556}") = "TestApp", "Test\TestApp\TestApp.csproj", "{F492A697-1B83-4562-9C9E-3579272EDDDA}"
EndProject
Project("{9A19103F-16F7-4668-BE54-9A1E7A4F7556}") = "UnitTest", "Test\UnitTest\UnitTest.csproj", "{9F026C01-44B2-4E83-88B8-0A070A906D92}"
EndProject
Global
	GlobalSection(SolutionConfigurationPlatforms) = preSolution
		Debug|Any CPU = Debug|Any CPU
		Release|Any CPU = Release|Any CPU
	EndGlobalSection
	GlobalSection(ProjectConfigurationPlatforms) = postSolution
		{B12F8E99-E6DD-4E94-8D45-8D7B63990475}.Debug|Any CPU.ActiveCfg = Debug|Any CPU
		{B12F8E99-E6DD-4E94-8D45-8D7B63990475}.Debug|Any CPU.Build.0 = Debug|Any CPU
		{B12F8E99-E6DD-4E94-8D45-8D7B63990475}.Release|Any CPU.ActiveCfg = Release|Any CPU
		{B12F8E99-E6DD-4E94-8D45-8D7B63990475}.Release|Any CPU.Build.0 = Release|Any CPU
		{1F301798-F654-4870-B3DA-8DF601F7F675}.Debug|Any CPU.ActiveCfg = Debug|Any CPU
		{1F301798-F654-4870-B3DA-8DF601F7F675}.Debug|Any CPU.Build.0 = Debug|Any CPU
		{1F301798-F654-4870-B3DA-8DF601F7F675}.Release|Any CPU.ActiveCfg = Release|Any CPU
		{1F301798-F654-4870-B3DA-8DF601F7F675}.Release|Any CPU.Build.0 = Release|Any CPU
		{F492A697-1B83-4562-9C9E-3579272EDDDA}.Debug|Any CPU.ActiveCfg = Debug|Any CPU
		{F492A697-1B83-4562-9C9E-3579272EDDDA}.Debug|Any CPU.Build.0 = Debug|Any CPU
		{F492A697-1B83-4562-9C9E-3579272EDDDA}.Release|Any CPU.ActiveCfg = Release|Any CPU
		{F492A697-1B83-4562-9C9E-3579272EDDDA}.Release|Any CPU.Build.0 = Release|Any CPU
		{9F026C01-44B2-4E83-88B8-0A070A906D92}.Debug|Any CPU.ActiveCfg = Debug|Any CPU
		{9F026C01-44B2-4E83-88B8-0A070A906D92}.Debug|Any CPU.Build.0 = Debug|Any CPU
		{9F026C01-44B2-4E83-88B8-0A070A906D92}.Release|Any CPU.ActiveCfg = Release|Any CPU
		{9F026C01-44B2-4E83-88B8-0A070A906D92}.Release|Any CPU.Build.0 = Release|Any CPU
	EndGlobalSection
	GlobalSection(SolutionProperties) = preSolution
		HideSolutionNode = FALSE
	EndGlobalSection
	GlobalSection(ExtensibilityGlobals) = postSolution
		SolutionGuid = {70160DAC-711F-4731-BBA4-570BE1D77E4B}
	EndGlobalSection
EndGlobal
